# generated by rye
# use `rye lock` or `rye sync` to update this lockfile
#
# last locked with the following flags:
#   pre: false
#   features: []
#   all-features: false
#   with-sources: false
#   generate-hashes: false
#   universal: false

-e file:.
pyaudio==0.2.14
    # via osx-echo
pynput==1.7.7
    # via osx-echo
pyobjc-core==10.3.1
    # via pyobjc-framework-applicationservices
    # via pyobjc-framework-cocoa
    # via pyobjc-framework-coretext
    # via pyobjc-framework-quartz
pyobjc-framework-applicationservices==10.3.1
    # via pynput
pyobjc-framework-cocoa==10.3.1
    # via pyobjc-framework-applicationservices
    # via pyobjc-framework-coretext
    # via pyobjc-framework-quartz
    # via rumps
pyobjc-framework-coretext==10.3.1
    # via pyobjc-framework-applicationservices
pyobjc-framework-quartz==10.3.1
    # via pynput
    # via pyobjc-framework-applicationservices
    # via pyobjc-framework-coretext
rumps==0.4.0
    # via osx-echo
six==1.16.0
    # via pynput
